// !$*UTF8*$!
{
	archiveVersion = 1;
	classes = {
	};
	objectVersion = 77;
	objects = {

/* Begin PBXBuildFile section */
		06EB912CC10ED28DB5213ED2 /* DesignSystem in Frameworks */ = {isa = PBXBuildFile; productRef = 75B4EDC7B062A8824F77F885 /* DesignSystem */; };
		0A9737D94A71434F737886F0 /* FeatureFleet in Frameworks */ = {isa = PBXBuildFile; productRef = 0E2D3576572CE02AF0485079 /* FeatureFleet */; };
		156466D804299AEC4A545FA0 /* FeatureIncidents in Frameworks */ = {isa = PBXBuildFile; productRef = 2AF8425E2FDB2942171A47B2 /* FeatureIncidents */; };
		168CA34185EBE4E30E48BBD5 /* FeatureCases in Frameworks */ = {isa = PBXBuildFile; productRef = 04AADDCB5D6A32B5501078E1 /* FeatureCases */; };
		2C5555CA845BC44E708365AA /* CoreAPI in Frameworks */ = {isa = PBXBuildFile; productRef = 680664566D68586AE435103B /* CoreAPI */; };
		39FADE99DEB7260981D286B6 /* CoreAudioService in Frameworks */ = {isa = PBXBuildFile; productRef = 5FFB7548B40A1EB36E9C4F29 /* CoreAudioService */; };
		A3D8C2E99E4DB62F2A1A2093 /* FeatureShell in Frameworks */ = {isa = PBXBuildFile; productRef = F7210D6B99F15053526221A9 /* FeatureShell */; };
		B31418CCB1D8E2E115039C69 /* CoreLocationService in Frameworks */ = {isa = PBXBuildFile; productRef = DFC777C5C7373664D8AC54B8 /* CoreLocationService */; };
		B3BF904DB29F48D8B4C8146A /* FeatureWarrants in Frameworks */ = {isa = PBXBuildFile; productRef = 5069E1BF8905A5F96ED89C5F /* FeatureWarrants */; };
		C1006607A1EBEFFA95075FF8 /* RMPGFlexConnectApp.swift in Sources */ = {isa = PBXBuildFile; fileRef = 230ABA3503986565523BD5E8 /* RMPGFlexConnectApp.swift */; };
		DBB13AD3BD47B75B386DA417 /* FeatureRecords in Frameworks */ = {isa = PBXBuildFile; productRef = ABEE95988A28F7F48CE91B08 /* FeatureRecords */; };
		E07C61BF57C3EF58998637A6 /* CoreOffline in Frameworks */ = {isa = PBXBuildFile; productRef = AF117CDBE9058A1FF932076F /* CoreOffline */; };
		E49D921BA930AC59E5CE0349 /* FeatureServe in Frameworks */ = {isa = PBXBuildFile; productRef = 5DD486C3296761D84031D979 /* FeatureServe */; };
		E8A0F21D29A71C00CA49E13C /* FeaturePatrol in Frameworks */ = {isa = PBXBuildFile; productRef = 073AFAC0538E73888BB055A8 /* FeaturePatrol */; };
		E8A427A5E6A0B8E5D8F5A170 /* CoreAuth in Frameworks */ = {isa = PBXBuildFile; productRef = DA706AAD57438459F3B454DC /* CoreAuth */; };
		EA2B740D891DBC5DF5A265E0 /* CorePush in Frameworks */ = {isa = PBXBuildFile; productRef = 677FE4CF539A230385F20F5D /* CorePush */; };
		FC644B412B11381FFCF18AC1 /* FeatureDispatch in Frameworks */ = {isa = PBXBuildFile; productRef = 819E0C6B181DB22E3A0E5C58 /* FeatureDispatch */; };
/* End PBXBuildFile section */

/* Begin PBXFileReference section */
		230ABA3503986565523BD5E8 /* RMPGFlexConnectApp.swift */ = {isa = PBXFileReference; lastKnownFileType = sourcecode.swift; path = RMPGFlexConnectApp.swift; sourceTree = "<group>"; };
		5D620E1F62BEA69ECBC01071 /* RMPGFlexConnect */ = {isa = PBXFileReference; lastKnownFileType = folder; name = RMPGFlexConnect; path = .; sourceTree = SOURCE_ROOT; };
		6551542D531FAA6F6EAE3894 /* RMPGFlexConnect.entitlements */ = {isa = PBXFileReference; lastKnownFileType = text.plist.entitlements; path = RMPGFlexConnect.entitlements; sourceTree = "<group>"; };
		8E250B6F8F04276271E4D5F8 /* Info.plist */ = {isa = PBXFileReference; lastKnownFileType = text.plist; path = Info.plist; sourceTree = "<group>"; };
		CD47E80995EC0A78AB779EAB /* RMPGFlexConnect.app */ = {isa = PBXFileReference; includeInIndex = 0; lastKnownFileType = wrapper.application; path = RMPGFlexConnect.app; sourceTree = BUILT_PRODUCTS_DIR; };
		"TEMP_13AB9B0C-3175-41E2-95D4-CD07843F6E80" /* RMPGFlexConnect */ = {isa = PBXFileReference; lastKnownFileType = folder; name = RMPGFlexConnect; path = .; sourceTree = SOURCE_ROOT; };
		"TEMP_21D82678-70B1-4825-9733-A3C2F59D00F2" /* RMPGFlexConnect */ = {isa = PBXFileReference; lastKnownFileType = folder; name = RMPGFlexConnect; path = .; sourceTree = SOURCE_ROOT; };
		"TEMP_33C6C828-065F-49E7-BF04-A2A2F2A6FD1C" /* RMPGFlexConnect */ = {isa = PBXFileReference; lastKnownFileType = folder; name = RMPGFlexConnect; path = .; sourceTree = SOURCE_ROOT; };
		"TEMP_4D97D8E3-E78C-4CE4-8150-EDD3459D37F9" /* RMPGFlexConnect */ = {isa = PBXFileReference; lastKnownFileType = folder; name = RMPGFlexConnect; path = .; sourceTree = SOURCE_ROOT; };
		"TEMP_4DE9F37B-F2A5-4EDE-9C15-A4EE1D49D4CC" /* RMPGFlexConnect */ = {isa = PBXFileReference; lastKnownFileType = folder; name = RMPGFlexConnect; path = .; sourceTree = SOURCE_ROOT; };
		"TEMP_528A04D4-6AF7-409F-BAC4-78D052A3EBED" /* RMPGFlexConnect */ = {isa = PBXFileReference; lastKnownFileType = folder; name = RMPGFlexConnect; path = .; sourceTree = SOURCE_ROOT; };
		"TEMP_58FBE1F1-F3A3-41E3-847F-0F4FB6FAE6E6" /* RMPGFlexConnect */ = {isa = PBXFileReference; lastKnownFileType = folder; name = RMPGFlexConnect; path = .; sourceTree = SOURCE_ROOT; };
		"TEMP_61F8F158-B0EC-4DE5-8CBA-DB7C6FB24AF5" /* RMPGFlexConnect */ = {isa = PBXFileReference; lastKnownFileType = folder; name = RMPGFlexConnect; path = .; sourceTree = SOURCE_ROOT; };
		"TEMP_8D96EACF-2BE2-4E0D-A7D2-9859CE8B862D" /* RMPGFlexConnect */ = {isa = PBXFileReference; lastKnownFileType = folder; name = RMPGFlexConnect; path = .; sourceTree = SOURCE_ROOT; };
		"TEMP_8F0F74E8-4956-488E-ABC3-B99B078D8B77" /* RMPGFlexConnect */ = {isa = PBXFileReference; lastKnownFileType = folder; name = RMPGFlexConnect; path = .; sourceTree = SOURCE_ROOT; };
		"TEMP_9D6C38D1-D8BC-4AF7-A08C-8238EEBA2897" /* RMPGFlexConnect */ = {isa = PBXFileReference; lastKnownFileType = folder; name = RMPGFlexConnect; path = .; sourceTree = SOURCE_ROOT; };
		"TEMP_B4493254-5B9D-4A66-8595-F36E15B2DBD8" /* RMPGFlexConnect */ = {isa = PBXFileReference; lastKnownFileType = folder; name = RMPGFlexConnect; path = .; sourceTree = SOURCE_ROOT; };
		"TEMP_C10219D8-00DE-42CD-A5F5-90D182AE8EF7" /* RMPGFlexConnect */ = {isa = PBXFileReference; lastKnownFileType = folder; name = RMPGFlexConnect; path = .; sourceTree = SOURCE_ROOT; };
		"TEMP_C4723990-86CC-4798-8EA1-E266DEA1C7BF" /* RMPGFlexConnect */ = {isa = PBXFileReference; lastKnownFileType = folder; name = RMPGFlexConnect; path = .; sourceTree = SOURCE_ROOT; };
		"TEMP_D4DBA6C8-4397-4A25-A94D-CF455F32FE57" /* RMPGFlexConnect */ = {isa = PBXFileReference; lastKnownFileType = folder; name = RMPGFlexConnect; path = .; sourceTree = SOURCE_ROOT; };
/* End PBXFileReference section */

/* Begin PBXFrameworksBuildPhase section */
		80A322414B4F160C2F2B662F /* Frameworks */ = {
			isa = PBXFrameworksBuildPhase;
			buildActionMask = 2147483647;
			files = (
				2C5555CA845BC44E708365AA /* CoreAPI in Frameworks */,
				E8A427A5E6A0B8E5D8F5A170 /* CoreAuth in Frameworks */,
				FC644B412B11381FFCF18AC1 /* FeatureDispatch in Frameworks */,
				DBB13AD3BD47B75B386DA417 /* FeatureRecords in Frameworks */,
				156466D804299AEC4A545FA0 /* FeatureIncidents in Frameworks */,
				168CA34185EBE4E30E48BBD5 /* FeatureCases in Frameworks */,
				E8A0F21D29A71C00CA49E13C /* FeaturePatrol in Frameworks */,
				0A9737D94A71434F737886F0 /* FeatureFleet in Frameworks */,
				E49D921BA930AC59E5CE0349 /* FeatureServe in Frameworks */,
				B3BF904DB29F48D8B4C8146A /* FeatureWarrants in Frameworks */,
				A3D8C2E99E4DB62F2A1A2093 /* FeatureShell in Frameworks */,
				06EB912CC10ED28DB5213ED2 /* DesignSystem in Frameworks */,
				E07C61BF57C3EF58998637A6 /* CoreOffline in Frameworks */,
				EA2B740D891DBC5DF5A265E0 /* CorePush in Frameworks */,
				B31418CCB1D8E2E115039C69 /* CoreLocationService in Frameworks */,
				39FADE99DEB7260981D286B6 /* CoreAudioService in Frameworks */,
			);
			runOnlyForDeploymentPostprocessing = 0;
		};
/* End PBXFrameworksBuildPhase section */

/* Begin PBXGroup section */
		210FE38547CCAE3F9183962C /* Products */ = {
			isa = PBXGroup;
			children = (
				CD47E80995EC0A78AB779EAB /* RMPGFlexConnect.app */,
			);
			name = Products;
			sourceTree = "<group>";
		};
		81CA0EDC63E93741B1786A2C /* Packages */ = {
			isa = PBXGroup;
			children = (
				5D620E1F62BEA69ECBC01071 /* RMPGFlexConnect */,
			);
			path = Packages;
			sourceTree = "<group>";
		};
		BDB9D5C2E1B9873416736B28 /* App */ = {
			isa = PBXGroup;
			children = (
				8E250B6F8F04276271E4D5F8 /* Info.plist */,
				6551542D531FAA6F6EAE3894 /* RMPGFlexConnect.entitlements */,
				230ABA3503986565523BD5E8 /* RMPGFlexConnectApp.swift */,
			);
			path = App;
			sourceTree = "<group>";
		};
		DF53D150C29967B30A8ED56B = {
			isa = PBXGroup;
			children = (
				BDB9D5C2E1B9873416736B28 /* App */,
				81CA0EDC63E93741B1786A2C /* Packages */,
				210FE38547CCAE3F9183962C /* Products */,
			);
			sourceTree = "<group>";
		};
/* End PBXGroup section */

/* Begin PBXNativeTarget section */
		3F94386851AB7A4DC2EA8686 /* RMPGFlexConnect */ = {
			isa = PBXNativeTarget;
			buildConfigurationList = 08967EA739701063302F5451 /* Build configuration list for PBXNativeTarget "RMPGFlexConnect" */;
			buildPhases = (
				306236E663AF67BE43656F4C /* SwiftLint */,
				EC71D0A486EA94994068E684 /* Sources */,
				80A322414B4F160C2F2B662F /* Frameworks */,
			);
			buildRules = (
			);
			dependencies = (
			);
			name = RMPGFlexConnect;
			packageProductDependencies = (
				680664566D68586AE435103B /* CoreAPI */,
				DA706AAD57438459F3B454DC /* CoreAuth */,
				819E0C6B181DB22E3A0E5C58 /* FeatureDispatch */,
				ABEE95988A28F7F48CE91B08 /* FeatureRecords */,
				2AF8425E2FDB2942171A47B2 /* FeatureIncidents */,
				04AADDCB5D6A32B5501078E1 /* FeatureCases */,
				073AFAC0538E73888BB055A8 /* FeaturePatrol */,
				0E2D3576572CE02AF0485079 /* FeatureFleet */,
				5DD486C3296761D84031D979 /* FeatureServe */,
				5069E1BF8905A5F96ED89C5F /* FeatureWarrants */,
				F7210D6B99F15053526221A9 /* FeatureShell */,
				75B4EDC7B062A8824F77F885 /* DesignSystem */,
				AF117CDBE9058A1FF932076F /* CoreOffline */,
				677FE4CF539A230385F20F5D /* CorePush */,
				DFC777C5C7373664D8AC54B8 /* CoreLocationService */,
				5FFB7548B40A1EB36E9C4F29 /* CoreAudioService */,
			);
			productName = RMPGFlexConnect;
			productReference = CD47E80995EC0A78AB779EAB /* RMPGFlexConnect.app */;
			productType = "com.apple.product-type.application";
		};
/* End PBXNativeTarget section */

/* Begin PBXProject section */
		C6C258C52F394079C3960F61 /* Project object */ = {
			isa = PBXProject;
			attributes = {
				BuildIndependentTargetsInParallel = YES;
				LastUpgradeCheck = 1500;
				TargetAttributes = {
					3F94386851AB7A4DC2EA8686 = {
						DevelopmentTeam = "";
						ProvisioningStyle = Automatic;
					};
				};
			};
			buildConfigurationList = 30FC483449DA39B5A4A95E9A /* Build configuration list for PBXProject "RMPGFlexConnect" */;
			developmentRegion = en;
			hasScannedForEncodings = 0;
			knownRegions = (
				Base,
				en,
			);
			mainGroup = DF53D150C29967B30A8ED56B;
			minimizedProjectReferenceProxies = 1;
			packageReferences = (
				E63ED2FE14DBDDDF3B5BEB51 /* XCLocalSwiftPackageReference "." */,
				0FEF7C2CAC0C7E3CCFC4B624 /* XCLocalSwiftPackageReference "." */,
				7B9280D93A4C1840E4339C1C /* XCLocalSwiftPackageReference "." */,
				8437B6B0509EB787E011FD42 /* XCLocalSwiftPackageReference "." */,
				E3E71B3025376094FB139B0C /* XCLocalSwiftPackageReference "." */,
				01B244033ED399A396E76736 /* XCLocalSwiftPackageReference "." */,
				A176998EEA4E5CE787981638 /* XCLocalSwiftPackageReference "." */,
				3E1E00FC2286F7E8149E9022 /* XCLocalSwiftPackageReference "." */,
				D8FE4D8673C924F32B1A85D5 /* XCLocalSwiftPackageReference "." */,
				5DB1F124AB4B9F9641BA15E1 /* XCLocalSwiftPackageReference "." */,
				D8F0A26194DAE7A219C5FF4A /* XCLocalSwiftPackageReference "." */,
				6BB4CC5E4C9F6EF795A2D8C7 /* XCLocalSwiftPackageReference "." */,
				6CF7F1582FC4BD1F1D9BDD3A /* XCLocalSwiftPackageReference "." */,
				079DB724A19EE764BBDA290A /* XCLocalSwiftPackageReference "." */,
				CA306D7BA93647DFCFD3CE17 /* XCLocalSwiftPackageReference "." */,
				83F85C6EEE815E1C2B7EFD89 /* XCLocalSwiftPackageReference "." */,
			);
			preferredProjectObjectVersion = 77;
			productRefGroup = 210FE38547CCAE3F9183962C /* Products */;
			projectDirPath = "";
			projectRoot = "";
			targets = (
				3F94386851AB7A4DC2EA8686 /* RMPGFlexConnect */,
			);
		};
/* End PBXProject section */

/* Begin PBXShellScriptBuildPhase section */
		306236E663AF67BE43656F4C /* SwiftLint */ = {
			isa = PBXShellScriptBuildPhase;
			alwaysOutOfDate = 1;
			buildActionMask = 2147483647;
			files = (
			);
			inputFileListPaths = (
			);
			inputPaths = (
			);
			name = SwiftLint;
			outputFileListPaths = (
			);
			outputPaths = (
			);
			runOnlyForDeploymentPostprocessing = 0;
			shellPath = /bin/sh;
			shellScript = "if which swiftlint > /dev/null; then\n  swiftlint\nfi\n";
		};
/* End PBXShellScriptBuildPhase section */

/* Begin PBXSourcesBuildPhase section */
		EC71D0A486EA94994068E684 /* Sources */ = {
			isa = PBXSourcesBuildPhase;
			buildActionMask = 2147483647;
			files = (
				C1006607A1EBEFFA95075FF8 /* RMPGFlexConnectApp.swift in Sources */,
			);
			runOnlyForDeploymentPostprocessing = 0;
		};
/* End PBXSourcesBuildPhase section */

/* Begin XCBuildConfiguration section */
		00B767411AF0A48716A2521C /* Debug */ = {
			isa = XCBuildConfiguration;
			buildSettings = {
				ASSETCATALOG_COMPILER_APPICON_NAME = AppIcon;
				CODE_SIGN_ENTITLEMENTS = App/RMPGFlexConnect.entitlements;
				CODE_SIGN_IDENTITY = "iPhone Developer";
				CODE_SIGN_STYLE = Automatic;
				CURRENT_PROJECT_VERSION = 1;
				DEVELOPMENT_TEAM = "";
				ENABLE_USER_SCRIPT_SANDBOXING = NO;
				INFOPLIST_FILE = App/Info.plist;
				LD_RUNPATH_SEARCH_PATHS = (
					"$(inherited)",
					"@executable_path/Frameworks",
				);
				MARKETING_VERSION = 1.0.0;
				PRODUCT_BUNDLE_IDENTIFIER = com.rmpg.flex.connect;
				PRODUCT_NAME = "RMPG Flex Connect";
				SDKROOT = iphoneos;
				TARGETED_DEVICE_FAMILY = "1,2";
			};
			name = Debug;
		};
		1D7FD2732C58FBD4E481F7B0 /* Debug */ = {
			isa = XCBuildConfiguration;
			buildSettings = {
				ALWAYS_SEARCH_USER_PATHS = NO;
				CLANG_ANALYZER_NONNULL = YES;
				CLANG_ANALYZER_NUMBER_OBJECT_CONVERSION = YES_AGGRESSIVE;
				CLANG_CXX_LANGUAGE_STANDARD = "gnu++14";
				CLANG_CXX_LIBRARY = "libc++";
				CLANG_ENABLE_MODULES = YES;
				CLANG_ENABLE_OBJC_ARC = YES;
				CLANG_ENABLE_OBJC_WEAK = YES;
				CLANG_WARN_BLOCK_CAPTURE_AUTORELEASING = YES;
				CLANG_WARN_BOOL_CONVERSION = YES;
				CLANG_WARN_COMMA = YES;
				CLANG_WARN_CONSTANT_CONVERSION = YES;
				CLANG_WARN_DEPRECATED_OBJC_IMPLEMENTATIONS = YES;
				CLANG_WARN_DIRECT_OBJC_ISA_USAGE = YES_ERROR;
				CLANG_WARN_DOCUMENTATION_COMMENTS = YES;
				CLANG_WARN_EMPTY_BODY = YES;
				CLANG_WARN_ENUM_CONVERSION = YES;
				CLANG_WARN_INFINITE_RECURSION = YES;
				CLANG_WARN_INT_CONVERSION = YES;
				CLANG_WARN_NON_LITERAL_NULL_CONVERSION = YES;
				CLANG_WARN_OBJC_IMPLICIT_RETAIN_SELF = YES;
				CLANG_WARN_OBJC_LITERAL_CONVERSION = YES;
				CLANG_WARN_OBJC_ROOT_CLASS = YES_ERROR;
				CLANG_WARN_QUOTED_INCLUDE_IN_FRAMEWORK_HEADER = YES;
				CLANG_WARN_RANGE_LOOP_ANALYSIS = YES;
				CLANG_WARN_STRICT_PROTOTYPES = YES;
				CLANG_WARN_SUSPICIOUS_MOVE = YES;
				CLANG_WARN_UNGUARDED_AVAILABILITY = YES_AGGRESSIVE;
				CLANG_WARN_UNREACHABLE_CODE = YES;
				CLANG_WARN__DUPLICATE_METHOD_MATCH = YES;
				COPY_PHASE_STRIP = NO;
				DEBUG_INFORMATION_FORMAT = dwarf;
				ENABLE_STRICT_OBJC_MSGSEND = YES;
				ENABLE_TESTABILITY = YES;
				GCC_C_LANGUAGE_STANDARD = gnu11;
				GCC_DYNAMIC_NO_PIC = NO;
				GCC_NO_COMMON_BLOCKS = YES;
				GCC_OPTIMIZATION_LEVEL = 0;
				GCC_PREPROCESSOR_DEFINITIONS = (
					"$(inherited)",
					"DEBUG=1",
				);
				GCC_WARN_64_TO_32_BIT_CONVERSION = YES;
				GCC_WARN_ABOUT_RETURN_TYPE = YES_ERROR;
				GCC_WARN_UNDECLARED_SELECTOR = YES;
				GCC_WARN_UNINITIALIZED_AUTOS = YES_AGGRESSIVE;
				GCC_WARN_UNUSED_FUNCTION = YES;
				GCC_WARN_UNUSED_VARIABLE = YES;
				IPHONEOS_DEPLOYMENT_TARGET = 17.0;
				MTL_ENABLE_DEBUG_INFO = INCLUDE_SOURCE;
				MTL_FAST_MATH = YES;
				ONLY_ACTIVE_ARCH = YES;
				PRODUCT_NAME = "$(TARGET_NAME)";
				SDKROOT = iphoneos;
				SWIFT_ACTIVE_COMPILATION_CONDITIONS = DEBUG;
				SWIFT_OPTIMIZATION_LEVEL = "-Onone";
				SWIFT_VERSION = 5.9;
				TARGETED_DEVICE_FAMILY = "1,2";
			};
			name = Debug;
		};
		9F083559D22E9B9B89BC6FBF /* Release */ = {
			isa = XCBuildConfiguration;
			buildSettings = {
				ASSETCATALOG_COMPILER_APPICON_NAME = AppIcon;
				CODE_SIGN_ENTITLEMENTS = App/RMPGFlexConnect.entitlements;
				CODE_SIGN_IDENTITY = "iPhone Developer";
				CODE_SIGN_STYLE = Automatic;
				CURRENT_PROJECT_VERSION = 1;
				DEVELOPMENT_TEAM = "";
				ENABLE_USER_SCRIPT_SANDBOXING = NO;
				INFOPLIST_FILE = App/Info.plist;
				LD_RUNPATH_SEARCH_PATHS = (
					"$(inherited)",
					"@executable_path/Frameworks",
				);
				MARKETING_VERSION = 1.0.0;
				PRODUCT_BUNDLE_IDENTIFIER = com.rmpg.flex.connect;
				PRODUCT_NAME = "RMPG Flex Connect";
				SDKROOT = iphoneos;
				TARGETED_DEVICE_FAMILY = "1,2";
			};
			name = Release;
		};
		B8798EBCC9C039C694488EBB /* Release */ = {
			isa = XCBuildConfiguration;
			buildSettings = {
				ALWAYS_SEARCH_USER_PATHS = NO;
				CLANG_ANALYZER_NONNULL = YES;
				CLANG_ANALYZER_NUMBER_OBJECT_CONVERSION = YES_AGGRESSIVE;
				CLANG_CXX_LANGUAGE_STANDARD = "gnu++14";
				CLANG_CXX_LIBRARY = "libc++";
				CLANG_ENABLE_MODULES = YES;
				CLANG_ENABLE_OBJC_ARC = YES;
				CLANG_ENABLE_OBJC_WEAK = YES;
				CLANG_WARN_BLOCK_CAPTURE_AUTORELEASING = YES;
				CLANG_WARN_BOOL_CONVERSION = YES;
				CLANG_WARN_COMMA = YES;
				CLANG_WARN_CONSTANT_CONVERSION = YES;
				CLANG_WARN_DEPRECATED_OBJC_IMPLEMENTATIONS = YES;
				CLANG_WARN_DIRECT_OBJC_ISA_USAGE = YES_ERROR;
				CLANG_WARN_DOCUMENTATION_COMMENTS = YES;
				CLANG_WARN_EMPTY_BODY = YES;
				CLANG_WARN_ENUM_CONVERSION = YES;
				CLANG_WARN_INFINITE_RECURSION = YES;
				CLANG_WARN_INT_CONVERSION = YES;
				CLANG_WARN_NON_LITERAL_NULL_CONVERSION = YES;
				CLANG_WARN_OBJC_IMPLICIT_RETAIN_SELF = YES;
				CLANG_WARN_OBJC_LITERAL_CONVERSION = YES;
				CLANG_WARN_OBJC_ROOT_CLASS = YES_ERROR;
				CLANG_WARN_QUOTED_INCLUDE_IN_FRAMEWORK_HEADER = YES;
				CLANG_WARN_RANGE_LOOP_ANALYSIS = YES;
				CLANG_WARN_STRICT_PROTOTYPES = YES;
				CLANG_WARN_SUSPICIOUS_MOVE = YES;
				CLANG_WARN_UNGUARDED_AVAILABILITY = YES_AGGRESSIVE;
				CLANG_WARN_UNREACHABLE_CODE = YES;
				CLANG_WARN__DUPLICATE_METHOD_MATCH = YES;
				COPY_PHASE_STRIP = NO;
				DEBUG_INFORMATION_FORMAT = "dwarf-with-dsym";
				ENABLE_NS_ASSERTIONS = NO;
				ENABLE_STRICT_OBJC_MSGSEND = YES;
				GCC_C_LANGUAGE_STANDARD = gnu11;
				GCC_NO_COMMON_BLOCKS = YES;
				GCC_WARN_64_TO_32_BIT_CONVERSION = YES;
				GCC_WARN_ABOUT_RETURN_TYPE = YES_ERROR;
				GCC_WARN_UNDECLARED_SELECTOR = YES;
				GCC_WARN_UNINITIALIZED_AUTOS = YES_AGGRESSIVE;
				GCC_WARN_UNUSED_FUNCTION = YES;
				GCC_WARN_UNUSED_VARIABLE = YES;
				IPHONEOS_DEPLOYMENT_TARGET = 17.0;
				MTL_ENABLE_DEBUG_INFO = NO;
				MTL_FAST_MATH = YES;
				PRODUCT_NAME = "$(TARGET_NAME)";
				SDKROOT = iphoneos;
				SWIFT_COMPILATION_MODE = wholemodule;
				SWIFT_OPTIMIZATION_LEVEL = "-O";
				SWIFT_VERSION = 5.9;
				TARGETED_DEVICE_FAMILY = "1,2";
			};
			name = Release;
		};
/* End XCBuildConfiguration section */

/* Begin XCConfigurationList section */
		08967EA739701063302F5451 /* Build configuration list for PBXNativeTarget "RMPGFlexConnect" */ = {
			isa = XCConfigurationList;
			buildConfigurations = (
				00B767411AF0A48716A2521C /* Debug */,
				9F083559D22E9B9B89BC6FBF /* Release */,
			);
			defaultConfigurationIsVisible = 0;
			defaultConfigurationName = Debug;
		};
		30FC483449DA39B5A4A95E9A /* Build configuration list for PBXProject "RMPGFlexConnect" */ = {
			isa = XCConfigurationList;
			buildConfigurations = (
				1D7FD2732C58FBD4E481F7B0 /* Debug */,
				B8798EBCC9C039C694488EBB /* Release */,
			);
			defaultConfigurationIsVisible = 0;
			defaultConfigurationName = Debug;
		};
/* End XCConfigurationList section */

/* Begin XCLocalSwiftPackageReference section */
		01B244033ED399A396E76736 /* XCLocalSwiftPackageReference "." */ = {
			isa = XCLocalSwiftPackageReference;
			relativePath = .;
		};
		079DB724A19EE764BBDA290A /* XCLocalSwiftPackageReference "." */ = {
			isa = XCLocalSwiftPackageReference;
			relativePath = .;
		};
		0FEF7C2CAC0C7E3CCFC4B624 /* XCLocalSwiftPackageReference "." */ = {
			isa = XCLocalSwiftPackageReference;
			relativePath = .;
		};
		3E1E00FC2286F7E8149E9022 /* XCLocalSwiftPackageReference "." */ = {
			isa = XCLocalSwiftPackageReference;
			relativePath = .;
		};
		5DB1F124AB4B9F9641BA15E1 /* XCLocalSwiftPackageReference "." */ = {
			isa = XCLocalSwiftPackageReference;
			relativePath = .;
		};
		6BB4CC5E4C9F6EF795A2D8C7 /* XCLocalSwiftPackageReference "." */ = {
			isa = XCLocalSwiftPackageReference;
			relativePath = .;
		};
		6CF7F1582FC4BD1F1D9BDD3A /* XCLocalSwiftPackageReference "." */ = {
			isa = XCLocalSwiftPackageReference;
			relativePath = .;
		};
		7B9280D93A4C1840E4339C1C /* XCLocalSwiftPackageReference "." */ = {
			isa = XCLocalSwiftPackageReference;
			relativePath = .;
		};
		83F85C6EEE815E1C2B7EFD89 /* XCLocalSwiftPackageReference "." */ = {
			isa = XCLocalSwiftPackageReference;
			relativePath = .;
		};
		8437B6B0509EB787E011FD42 /* XCLocalSwiftPackageReference "." */ = {
			isa = XCLocalSwiftPackageReference;
			relativePath = .;
		};
		A176998EEA4E5CE787981638 /* XCLocalSwiftPackageReference "." */ = {
			isa = XCLocalSwiftPackageReference;
			relativePath = .;
		};
		CA306D7BA93647DFCFD3CE17 /* XCLocalSwiftPackageReference "." */ = {
			isa = XCLocalSwiftPackageReference;
			relativePath = .;
		};
		D8F0A26194DAE7A219C5FF4A /* XCLocalSwiftPackageReference "." */ = {
			isa = XCLocalSwiftPackageReference;
			relativePath = .;
		};
		D8FE4D8673C924F32B1A85D5 /* XCLocalSwiftPackageReference "." */ = {
			isa = XCLocalSwiftPackageReference;
			relativePath = .;
		};
		E3E71B3025376094FB139B0C /* XCLocalSwiftPackageReference "." */ = {
			isa = XCLocalSwiftPackageReference;
			relativePath = .;
		};
		E63ED2FE14DBDDDF3B5BEB51 /* XCLocalSwiftPackageReference "." */ = {
			isa = XCLocalSwiftPackageReference;
			relativePath = .;
		};
/* End XCLocalSwiftPackageReference section */

/* Begin XCSwiftPackageProductDependency section */
		04AADDCB5D6A32B5501078E1 /* FeatureCases */ = {
			isa = XCSwiftPackageProductDependency;
			productName = FeatureCases;
		};
		073AFAC0538E73888BB055A8 /* FeaturePatrol */ = {
			isa = XCSwiftPackageProductDependency;
			productName = FeaturePatrol;
		};
		0E2D3576572CE02AF0485079 /* FeatureFleet */ = {
			isa = XCSwiftPackageProductDependency;
			productName = FeatureFleet;
		};
		2AF8425E2FDB2942171A47B2 /* FeatureIncidents */ = {
			isa = XCSwiftPackageProductDependency;
			productName = FeatureIncidents;
		};
		5069E1BF8905A5F96ED89C5F /* FeatureWarrants */ = {
			isa = XCSwiftPackageProductDependency;
			productName = FeatureWarrants;
		};
		5DD486C3296761D84031D979 /* FeatureServe */ = {
			isa = XCSwiftPackageProductDependency;
			productName = FeatureServe;
		};
		5FFB7548B40A1EB36E9C4F29 /* CoreAudioService */ = {
			isa = XCSwiftPackageProductDependency;
			productName = CoreAudioService;
		};
		677FE4CF539A230385F20F5D /* CorePush */ = {
			isa = XCSwiftPackageProductDependency;
			productName = CorePush;
		};
		680664566D68586AE435103B /* CoreAPI */ = {
			isa = XCSwiftPackageProductDependency;
			productName = CoreAPI;
		};
		75B4EDC7B062A8824F77F885 /* DesignSystem */ = {
			isa = XCSwiftPackageProductDependency;
			productName = DesignSystem;
		};
		819E0C6B181DB22E3A0E5C58 /* FeatureDispatch */ = {
			isa = XCSwiftPackageProductDependency;
			productName = FeatureDispatch;
		};
		ABEE95988A28F7F48CE91B08 /* FeatureRecords */ = {
			isa = XCSwiftPackageProductDependency;
			productName = FeatureRecords;
		};
		AF117CDBE9058A1FF932076F /* CoreOffline */ = {
			isa = XCSwiftPackageProductDependency;
			productName = CoreOffline;
		};
		DA706AAD57438459F3B454DC /* CoreAuth */ = {
			isa = XCSwiftPackageProductDependency;
			productName = CoreAuth;
		};
		DFC777C5C7373664D8AC54B8 /* CoreLocationService */ = {
			isa = XCSwiftPackageProductDependency;
			productName = CoreLocationService;
		};
		F7210D6B99F15053526221A9 /* FeatureShell */ = {
			isa = XCSwiftPackageProductDependency;
			productName = FeatureShell;
		};
/* End XCSwiftPackageProductDependency section */
	};
	rootObject = C6C258C52F394079C3960F61 /* Project object */;
}
