// !$*UTF8*$!
{
	archiveVersion = 1;
	classes = {
	};
	objectVersion = 77;
	objects = {

/* Begin PBXBuildFile section */
		2C5555CA845BC44E708365AA /* FeatureShell in Frameworks */ = {isa = PBXBuildFile; productRef = F7210D6B99F15053526221A9 /* FeatureShell */; };
		95604D2257CA1DE68664689B /* Assets.xcassets in Resources */ = {isa = PBXBuildFile; fileRef = 308DC33D68B8AA657319BBCA /* Assets.xcassets */; };
		C1006607A1EBEFFA95075FF8 /* RMPGFlexConnectApp.swift in Sources */ = {isa = PBXBuildFile; fileRef = 230ABA3503986565523BD5E8 /* RMPGFlexConnectApp.swift */; };
		DBB13AD3BD47B75B386DA417 /* CoreIDScan in Frameworks */ = {isa = PBXBuildFile; productRef = A0BCFBF812CC21F45B1B2683 /* CoreIDScan */; };
		E8A427A5E6A0B8E5D8F5A170 /* CoreAuth in Frameworks */ = {isa = PBXBuildFile; productRef = DA706AAD57438459F3B454DC /* CoreAuth */; };
		F88AF0DEAEB7A5293138D2C3 /* RMPGFlexNotificationDelegate.swift in Sources */ = {isa = PBXBuildFile; fileRef = E7AB48A3D3C0FD267EFD358A /* RMPGFlexNotificationDelegate.swift */; };
		FC644B412B11381FFCF18AC1 /* DesignSystem in Frameworks */ = {isa = PBXBuildFile; productRef = 75B4EDC7B062A8824F77F885 /* DesignSystem */; };
/* End PBXBuildFile section */

/* Begin PBXFileReference section */
		230ABA3503986565523BD5E8 /* RMPGFlexConnectApp.swift */ = {isa = PBXFileReference; lastKnownFileType = sourcecode.swift; path = RMPGFlexConnectApp.swift; sourceTree = "<group>"; };
		308DC33D68B8AA657319BBCA /* Assets.xcassets */ = {isa = PBXFileReference; lastKnownFileType = folder.assetcatalog; path = Assets.xcassets; sourceTree = "<group>"; };
		5D620E1F62BEA69ECBC01071 /* RMPGFlexConnect */ = {isa = PBXFileReference; lastKnownFileType = folder; name = RMPGFlexConnect; path = .; sourceTree = SOURCE_ROOT; };
		6551542D531FAA6F6EAE3894 /* RMPGFlexConnect.entitlements */ = {isa = PBXFileReference; lastKnownFileType = text.plist.entitlements; path = RMPGFlexConnect.entitlements; sourceTree = "<group>"; };
		8E250B6F8F04276271E4D5F8 /* Info.plist */ = {isa = PBXFileReference; lastKnownFileType = text.plist; path = Info.plist; sourceTree = "<group>"; };
		9647BF2AFB88AB2B3EEBE719 /* en */ = {isa = PBXFileReference; lastKnownFileType = text.plist.entitlements; name = en; path = en.lproj/RMPGFlexConnect.entitlements; sourceTree = "<group>"; };
		CD47E80995EC0A78AB779EAB /* RMPGFlexConnect.app */ = {isa = PBXFileReference; includeInIndex = 0; lastKnownFileType = wrapper.application; path = RMPGFlexConnect.app; sourceTree = BUILT_PRODUCTS_DIR; };
		E7AB48A3D3C0FD267EFD358A /* RMPGFlexNotificationDelegate.swift */ = {isa = PBXFileReference; lastKnownFileType = sourcecode.swift; path = RMPGFlexNotificationDelegate.swift; sourceTree = "<group>"; };
/* End PBXFileReference section */

/* Begin PBXFrameworksBuildPhase section */
		80A322414B4F160C2F2B662F /* Frameworks */ = {
			isa = PBXFrameworksBuildPhase;
			buildActionMask = 2147483647;
			files = (
				2C5555CA845BC44E708365AA /* FeatureShell in Frameworks */,
				E8A427A5E6A0B8E5D8F5A170 /* CoreAuth in Frameworks */,
				FC644B412B11381FFCF18AC1 /* DesignSystem in Frameworks */,
				DBB13AD3BD47B75B386DA417 /* CoreIDScan in Frameworks */,
			);
			runOnlyForDeploymentPostprocessing = 0;
		};
/* End PBXFrameworksBuildPhase section */

/* Begin PBXGroup section */
		210FE38547CCAE3F9183962C /* Products */ = {
			isa = PBXGroup;
			children = (
				CD47E80995EC0A78AB779EAB /* RMPGFlexConnect.app */,
			);
			name = Products;
			sourceTree = "<group>";
		};
		81CA0EDC63E93741B1786A2C /* Packages */ = {
			isa = PBXGroup;
			children = (
				5D620E1F62BEA69ECBC01071 /* RMPGFlexConnect */,
			);
			path = Packages;
			sourceTree = "<group>";
		};
		BDB9D5C2E1B9873416736B28 /* App */ = {
			isa = PBXGroup;
			children = (
				308DC33D68B8AA657319BBCA /* Assets.xcassets */,
				8E250B6F8F04276271E4D5F8 /* Info.plist */,
				6551542D531FAA6F6EAE3894 /* RMPGFlexConnect.entitlements */,
				230ABA3503986565523BD5E8 /* RMPGFlexConnectApp.swift */,
				E7AB48A3D3C0FD267EFD358A /* RMPGFlexNotificationDelegate.swift */,
				AA13719269CEA7C89657EF73 /* RMPGFlexConnect.entitlements */,
			);
			path = App;
			sourceTree = "<group>";
		};
		DF53D150C29967B30A8ED56B = {
			isa = PBXGroup;
			children = (
				BDB9D5C2E1B9873416736B28 /* App */,
				81CA0EDC63E93741B1786A2C /* Packages */,
				210FE38547CCAE3F9183962C /* Products */,
			);
			sourceTree = "<group>";
		};
/* End PBXGroup section */

/* Begin PBXNativeTarget section */
		3F94386851AB7A4DC2EA8686 /* RMPGFlexConnect */ = {
			isa = PBXNativeTarget;
			buildConfigurationList = 08967EA739701063302F5451 /* Build configuration list for PBXNativeTarget "RMPGFlexConnect" */;
			buildPhases = (
				EC71D0A486EA94994068E684 /* Sources */,
				D910C049E7763B21543D1B9C /* Resources */,
				80A322414B4F160C2F2B662F /* Frameworks */,
			);
			buildRules = (
			);
			dependencies = (
			);
			name = RMPGFlexConnect;
			packageProductDependencies = (
				F7210D6B99F15053526221A9 /* FeatureShell */,
				DA706AAD57438459F3B454DC /* CoreAuth */,
				75B4EDC7B062A8824F77F885 /* DesignSystem */,
				A0BCFBF812CC21F45B1B2683 /* CoreIDScan */,
			);
			productName = RMPGFlexConnect;
			productReference = CD47E80995EC0A78AB779EAB /* RMPGFlexConnect.app */;
			productType = "com.apple.product-type.application";
		};
/* End PBXNativeTarget section */

/* Begin PBXProject section */
		C6C258C52F394079C3960F61 /* Project object */ = {
			isa = PBXProject;
			attributes = {
				BuildIndependentTargetsInParallel = YES;
				LastUpgradeCheck = 1500;
				TargetAttributes = {
					3F94386851AB7A4DC2EA8686 = {
						DevelopmentTeam = Q324WFD9F9;
						ProvisioningStyle = Automatic;
					};
				};
			};
			buildConfigurationList = 30FC483449DA39B5A4A95E9A /* Build configuration list for PBXProject "RMPGFlexConnect" */;
			developmentRegion = en;
			hasScannedForEncodings = 0;
			knownRegions = (
				Base,
				en,
			);
			mainGroup = DF53D150C29967B30A8ED56B;
			minimizedProjectReferenceProxies = 1;
			packageReferences = (
				E63ED2FE14DBDDDF3B5BEB51 /* XCLocalSwiftPackageReference "." */,
			);
			preferredProjectObjectVersion = 77;
			productRefGroup = 210FE38547CCAE3F9183962C /* Products */;
			projectDirPath = "";
			projectRoot = "";
			targets = (
				3F94386851AB7A4DC2EA8686 /* RMPGFlexConnect */,
			);
		};
/* End PBXProject section */

/* Begin PBXResourcesBuildPhase section */
		D910C049E7763B21543D1B9C /* Resources */ = {
			isa = PBXResourcesBuildPhase;
			buildActionMask = 2147483647;
			files = (
				95604D2257CA1DE68664689B /* Assets.xcassets in Resources */,
			);
			runOnlyForDeploymentPostprocessing = 0;
		};
/* End PBXResourcesBuildPhase section */

/* Begin PBXSourcesBuildPhase section */
		EC71D0A486EA94994068E684 /* Sources */ = {
			isa = PBXSourcesBuildPhase;
			buildActionMask = 2147483647;
			files = (
				C1006607A1EBEFFA95075FF8 /* RMPGFlexConnectApp.swift in Sources */,
				F88AF0DEAEB7A5293138D2C3 /* RMPGFlexNotificationDelegate.swift in Sources */,
			);
			runOnlyForDeploymentPostprocessing = 0;
		};
/* End PBXSourcesBuildPhase section */

/* Begin PBXVariantGroup section */
		AA13719269CEA7C89657EF73 /* RMPGFlexConnect.entitlements */ = {
			isa = PBXVariantGroup;
			children = (
				9647BF2AFB88AB2B3EEBE719 /* en */,
			);
			name = RMPGFlexConnect.entitlements;
			sourceTree = "<group>";
		};
/* End PBXVariantGroup section */

/* Begin XCBuildConfiguration section */
		00B767411AF0A48716A2521C /* Debug */ = {
			isa = XCBuildConfiguration;
			buildSettings = {
				ASSETCATALOG_COMPILER_APPICON_NAME = AppIcon;
				CODE_SIGN_ENTITLEMENTS = App/RMPGFlexConnect.entitlements;
				CODE_SIGN_IDENTITY = "iPhone Developer";
				CODE_SIGN_STYLE = Automatic;
				CURRENT_PROJECT_VERSION = 1;
				DEVELOPMENT_TEAM = Q324WFD9F9;
				ENABLE_USER_SCRIPT_SANDBOXING = NO;
				INFOPLIST_FILE = App/Info.plist;
				LD_RUNPATH_SEARCH_PATHS = (
					"$(inherited)",
					"@executable_path/Frameworks",
				);
				MARKETING_VERSION = 1.0.0;
				PRODUCT_BUNDLE_IDENTIFIER = com.rmpg.flex.connect;
				PRODUCT_NAME = "RMPG Flex Connect";
				SDKROOT = iphoneos;
				SWIFT_ACTIVE_COMPILATION_CONDITIONS = DEMO;
				TARGETED_DEVICE_FAMILY = "1,2";
			};
			name = Debug;
		};
		1D7FD2732C58FBD4E481F7B0 /* Debug */ = {
			isa = XCBuildConfiguration;
			buildSettings = {
				ALWAYS_SEARCH_USER_PATHS = NO;
				CLANG_ANALYZER_NONNULL = YES;
				CLANG_ANALYZER_NUMBER_OBJECT_CONVERSION = YES_AGGRESSIVE;
				CLANG_CXX_LANGUAGE_STANDARD = "gnu++14";
				CLANG_CXX_LIBRARY = "libc++";
				CLANG_ENABLE_MODULES = YES;
				CLANG_ENABLE_OBJC_ARC = YES;
				CLANG_ENABLE_OBJC_WEAK = YES;
				CLANG_WARN_BLOCK_CAPTURE_AUTORELEASING = YES;
				CLANG_WARN_BOOL_CONVERSION = YES;
				CLANG_WARN_COMMA = YES;
				CLANG_WARN_CONSTANT_CONVERSION = YES;
				CLANG_WARN_DEPRECATED_OBJC_IMPLEMENTATIONS = YES;
				CLANG_WARN_DIRECT_OBJC_ISA_USAGE = YES_ERROR;
				CLANG_WARN_DOCUMENTATION_COMMENTS = YES;
				CLANG_WARN_EMPTY_BODY = YES;
				CLANG_WARN_ENUM_CONVERSION = YES;
				CLANG_WARN_INFINITE_RECURSION = YES;
				CLANG_WARN_INT_CONVERSION = YES;
				CLANG_WARN_NON_LITERAL_NULL_CONVERSION = YES;
				CLANG_WARN_OBJC_IMPLICIT_RETAIN_SELF = YES;
				CLANG_WARN_OBJC_LITERAL_CONVERSION = YES;
				CLANG_WARN_OBJC_ROOT_CLASS = YES_ERROR;
				CLANG_WARN_QUOTED_INCLUDE_IN_FRAMEWORK_HEADER = YES;
				CLANG_WARN_RANGE_LOOP_ANALYSIS = YES;
				CLANG_WARN_STRICT_PROTOTYPES = YES;
				CLANG_WARN_SUSPICIOUS_MOVE = YES;
				CLANG_WARN_UNGUARDED_AVAILABILITY = YES_AGGRESSIVE;
				CLANG_WARN_UNREACHABLE_CODE = YES;
				CLANG_WARN__DUPLICATE_METHOD_MATCH = YES;
				COPY_PHASE_STRIP = NO;
				DEBUG_INFORMATION_FORMAT = dwarf;
				ENABLE_STRICT_OBJC_MSGSEND = YES;
				ENABLE_TESTABILITY = YES;
				GCC_C_LANGUAGE_STANDARD = gnu11;
				GCC_DYNAMIC_NO_PIC = NO;
				GCC_NO_COMMON_BLOCKS = YES;
				GCC_OPTIMIZATION_LEVEL = 0;
				GCC_PREPROCESSOR_DEFINITIONS = (
					"$(inherited)",
					"DEBUG=1",
				);
				GCC_WARN_64_TO_32_BIT_CONVERSION = YES;
				GCC_WARN_ABOUT_RETURN_TYPE = YES_ERROR;
				GCC_WARN_UNDECLARED_SELECTOR = YES;
				GCC_WARN_UNINITIALIZED_AUTOS = YES_AGGRESSIVE;
				GCC_WARN_UNUSED_FUNCTION = YES;
				GCC_WARN_UNUSED_VARIABLE = YES;
				IPHONEOS_DEPLOYMENT_TARGET = 18.0;
				MTL_ENABLE_DEBUG_INFO = INCLUDE_SOURCE;
				MTL_FAST_MATH = YES;
				ONLY_ACTIVE_ARCH = YES;
				PRODUCT_NAME = "$(TARGET_NAME)";
				SDKROOT = iphoneos;
				SWIFT_ACTIVE_COMPILATION_CONDITIONS = DEBUG;
				SWIFT_OPTIMIZATION_LEVEL = "-Onone";
				SWIFT_VERSION = 5.9;
				TARGETED_DEVICE_FAMILY = "1,2";
			};
			name = Debug;
		};
		9F083559D22E9B9B89BC6FBF /* Release */ = {
			isa = XCBuildConfiguration;
			buildSettings = {
				ASSETCATALOG_COMPILER_APPICON_NAME = AppIcon;
				CODE_SIGN_ENTITLEMENTS = App/RMPGFlexConnect.entitlements;
				CODE_SIGN_IDENTITY = "iPhone Developer";
				CODE_SIGN_STYLE = Automatic;
				CURRENT_PROJECT_VERSION = 1;
				DEVELOPMENT_TEAM = Q324WFD9F9;
				ENABLE_USER_SCRIPT_SANDBOXING = NO;
				INFOPLIST_FILE = App/Info.plist;
				LD_RUNPATH_SEARCH_PATHS = (
					"$(inherited)",
					"@executable_path/Frameworks",
				);
				MARKETING_VERSION = 1.0.0;
				PRODUCT_BUNDLE_IDENTIFIER = com.rmpg.flex.connect;
				PRODUCT_NAME = "RMPG Flex Connect";
				SDKROOT = iphoneos;
				SWIFT_ACTIVE_COMPILATION_CONDITIONS = DEMO;
				TARGETED_DEVICE_FAMILY = "1,2";
			};
			name = Release;
		};
		B8798EBCC9C039C694488EBB /* Release */ = {
			isa = XCBuildConfiguration;
			buildSettings = {
				ALWAYS_SEARCH_USER_PATHS = NO;
				CLANG_ANALYZER_NONNULL = YES;
				CLANG_ANALYZER_NUMBER_OBJECT_CONVERSION = YES_AGGRESSIVE;
				CLANG_CXX_LANGUAGE_STANDARD = "gnu++14";
				CLANG_CXX_LIBRARY = "libc++";
				CLANG_ENABLE_MODULES = YES;
				CLANG_ENABLE_OBJC_ARC = YES;
				CLANG_ENABLE_OBJC_WEAK = YES;
				CLANG_WARN_BLOCK_CAPTURE_AUTORELEASING = YES;
				CLANG_WARN_BOOL_CONVERSION = YES;
				CLANG_WARN_COMMA = YES;
				CLANG_WARN_CONSTANT_CONVERSION = YES;
				CLANG_WARN_DEPRECATED_OBJC_IMPLEMENTATIONS = YES;
				CLANG_WARN_DIRECT_OBJC_ISA_USAGE = YES_ERROR;
				CLANG_WARN_DOCUMENTATION_COMMENTS = YES;
				CLANG_WARN_EMPTY_BODY = YES;
				CLANG_WARN_ENUM_CONVERSION = YES;
				CLANG_WARN_INFINITE_RECURSION = YES;
				CLANG_WARN_INT_CONVERSION = YES;
				CLANG_WARN_NON_LITERAL_NULL_CONVERSION = YES;
				CLANG_WARN_OBJC_IMPLICIT_RETAIN_SELF = YES;
				CLANG_WARN_OBJC_LITERAL_CONVERSION = YES;
				CLANG_WARN_OBJC_ROOT_CLASS = YES_ERROR;
				CLANG_WARN_QUOTED_INCLUDE_IN_FRAMEWORK_HEADER = YES;
				CLANG_WARN_RANGE_LOOP_ANALYSIS = YES;
				CLANG_WARN_STRICT_PROTOTYPES = YES;
				CLANG_WARN_SUSPICIOUS_MOVE = YES;
				CLANG_WARN_UNGUARDED_AVAILABILITY = YES_AGGRESSIVE;
				CLANG_WARN_UNREACHABLE_CODE = YES;
				CLANG_WARN__DUPLICATE_METHOD_MATCH = YES;
				COPY_PHASE_STRIP = NO;
				DEBUG_INFORMATION_FORMAT = "dwarf-with-dsym";
				ENABLE_NS_ASSERTIONS = NO;
				ENABLE_STRICT_OBJC_MSGSEND = YES;
				GCC_C_LANGUAGE_STANDARD = gnu11;
				GCC_NO_COMMON_BLOCKS = YES;
				GCC_WARN_64_TO_32_BIT_CONVERSION = YES;
				GCC_WARN_ABOUT_RETURN_TYPE = YES_ERROR;
				GCC_WARN_UNDECLARED_SELECTOR = YES;
				GCC_WARN_UNINITIALIZED_AUTOS = YES_AGGRESSIVE;
				GCC_WARN_UNUSED_FUNCTION = YES;
				GCC_WARN_UNUSED_VARIABLE = YES;
				IPHONEOS_DEPLOYMENT_TARGET = 18.0;
				MTL_ENABLE_DEBUG_INFO = NO;
				MTL_FAST_MATH = YES;
				PRODUCT_NAME = "$(TARGET_NAME)";
				SDKROOT = iphoneos;
				SWIFT_COMPILATION_MODE = wholemodule;
				SWIFT_OPTIMIZATION_LEVEL = "-O";
				SWIFT_VERSION = 5.9;
				TARGETED_DEVICE_FAMILY = "1,2";
			};
			name = Release;
		};
/* End XCBuildConfiguration section */

/* Begin XCConfigurationList section */
		08967EA739701063302F5451 /* Build configuration list for PBXNativeTarget "RMPGFlexConnect" */ = {
			isa = XCConfigurationList;
			buildConfigurations = (
				00B767411AF0A48716A2521C /* Debug */,
				9F083559D22E9B9B89BC6FBF /* Release */,
			);
			defaultConfigurationIsVisible = 0;
			defaultConfigurationName = Debug;
		};
		30FC483449DA39B5A4A95E9A /* Build configuration list for PBXProject "RMPGFlexConnect" */ = {
			isa = XCConfigurationList;
			buildConfigurations = (
				1D7FD2732C58FBD4E481F7B0 /* Debug */,
				B8798EBCC9C039C694488EBB /* Release */,
			);
			defaultConfigurationIsVisible = 0;
			defaultConfigurationName = Debug;
		};
/* End XCConfigurationList section */

/* Begin XCLocalSwiftPackageReference section */
		E63ED2FE14DBDDDF3B5BEB51 /* XCLocalSwiftPackageReference "." */ = {
			isa = XCLocalSwiftPackageReference;
			relativePath = .;
		};
/* End XCLocalSwiftPackageReference section */

/* Begin XCSwiftPackageProductDependency section */
		75B4EDC7B062A8824F77F885 /* DesignSystem */ = {
			isa = XCSwiftPackageProductDependency;
			productName = DesignSystem;
		};
		A0BCFBF812CC21F45B1B2683 /* CoreIDScan */ = {
			isa = XCSwiftPackageProductDependency;
			productName = CoreIDScan;
		};
		DA706AAD57438459F3B454DC /* CoreAuth */ = {
			isa = XCSwiftPackageProductDependency;
			productName = CoreAuth;
		};
		F7210D6B99F15053526221A9 /* FeatureShell */ = {
			isa = XCSwiftPackageProductDependency;
			productName = FeatureShell;
		};
/* End XCSwiftPackageProductDependency section */
	};
	rootObject = C6C258C52F394079C3960F61 /* Project object */;
}
