// !$*UTF8*$!
{
	archiveVersion = 1;
	classes = {
	};
	objectVersion = 77;
	objects = {

/* Begin PBXFileSystemSynchronizedRootGroup section */
		AA0000000000000000000001 /* RMPGFlexTester */ = {
			isa = PBXFileSystemSynchronizedRootGroup;
			path = RMPGFlexTester;
			sourceTree = "<group>";
		};
		AA0000000000000000000002 /* RMPGFlexTesterTests */ = {
			isa = PBXFileSystemSynchronizedRootGroup;
			path = RMPGFlexTesterTests;
			sourceTree = "<group>";
		};
/* End PBXFileSystemSynchronizedRootGroup section */

/* Begin PBXGroup section */
		AA0000000000000000000010 = {
			isa = PBXGroup;
			children = (
				AA0000000000000000000001 /* RMPGFlexTester */,
				AA0000000000000000000002 /* RMPGFlexTesterTests */,
				AA0000000000000000000011 /* Products */,
			);
			sourceTree = "<group>";
		};
		AA0000000000000000000011 /* Products */ = {
			isa = PBXGroup;
			children = (
				AA0000000000000000000020 /* RMPGFlexTester.app */,
				AA0000000000000000000021 /* RMPGFlexTesterTests.xctest */,
			);
			name = Products;
			sourceTree = "<group>";
		};
/* End PBXGroup section */

/* Begin PBXFileReference section */
		AA0000000000000000000020 /* RMPGFlexTester.app */ = {isa = PBXFileReference; explicitFileType = wrapper.application; includeInIndex = 0; path = RMPGFlexTester.app; sourceTree = BUILT_PRODUCTS_DIR; };
		AA0000000000000000000021 /* RMPGFlexTesterTests.xctest */ = {isa = PBXFileReference; explicitFileType = wrapper.cfbundle; includeInIndex = 0; path = RMPGFlexTesterTests.xctest; sourceTree = BUILT_PRODUCTS_DIR; };
/* End PBXFileReference section */

/* Begin PBXNativeTarget section */
		AA0000000000000000000030 /* RMPGFlexTester */ = {
			isa = PBXNativeTarget;
			buildConfigurationList = AA0000000000000000000040 /* Build configuration list for PBXNativeTarget "RMPGFlexTester" */;
			buildPhases = (
				AA0000000000000000000050 /* Sources */,
				AA0000000000000000000051 /* Frameworks */,
				AA0000000000000000000052 /* Resources */,
			);
			buildRules = (
			);
			dependencies = (
			);
			fileSystemSynchronizedGroups = (
				AA0000000000000000000001 /* RMPGFlexTester */,
			);
			name = RMPGFlexTester;
			packageProductDependencies = (
			);
			productName = RMPGFlexTester;
			productReference = AA0000000000000000000020 /* RMPGFlexTester.app */;
			productType = "com.apple.product-type.application";
		};
		AA0000000000000000000031 /* RMPGFlexTesterTests */ = {
			isa = PBXNativeTarget;
			buildConfigurationList = AA0000000000000000000041 /* Build configuration list for PBXNativeTarget "RMPGFlexTesterTests" */;
			buildPhases = (
				AA0000000000000000000053 /* Sources */,
				AA0000000000000000000054 /* Frameworks */,
			);
			buildRules = (
			);
			dependencies = (
				AA0000000000000000000060 /* PBXTargetDependency */,
			);
			fileSystemSynchronizedGroups = (
				AA0000000000000000000002 /* RMPGFlexTesterTests */,
			);
			name = RMPGFlexTesterTests;
			packageProductDependencies = (
			);
			productName = RMPGFlexTesterTests;
			productReference = AA0000000000000000000021 /* RMPGFlexTesterTests.xctest */;
			productType = "com.apple.product-type.bundle.unit-test";
		};
/* End PBXNativeTarget section */

/* Begin PBXProject section */
		AA0000000000000000000070 /* Project object */ = {
			isa = PBXProject;
			attributes = {
				BuildIndependentTargetsInParallel = 1;
				LastSwiftUpdateCheck = 1640;
				LastUpgradeCheck = 1640;
				TargetAttributes = {
					AA0000000000000000000031 = {
						TestTargetID = AA0000000000000000000030;
					};
				};
			};
			buildConfigurationList = AA0000000000000000000042 /* Build configuration list for PBXProject "RMPGFlexTester" */;
			developmentRegion = en;
			hasScannedForEncodings = 0;
			knownRegions = (
				en,
				Base,
			);
			mainGroup = AA0000000000000000000010;
			minimizedProjectReferenceProxies = 1;
			preferredProjectObjectVersion = 77;
			productRefGroup = AA0000000000000000000011 /* Products */;
			projectDirPath = "";
			projectRoot = "";
			targets = (
				AA0000000000000000000030 /* RMPGFlexTester */,
				AA0000000000000000000031 /* RMPGFlexTesterTests */,
			);
		};
/* End PBXProject section */

/* Begin PBXSourcesBuildPhase section */
		AA0000000000000000000050 /* Sources */ = {
			isa = PBXSourcesBuildPhase;
			buildActionMask = 2147483647;
			files = (
			);
			runOnlyForDeploymentPostprocessing = 0;
		};
		AA0000000000000000000053 /* Sources */ = {
			isa = PBXSourcesBuildPhase;
			buildActionMask = 2147483647;
			files = (
			);
			runOnlyForDeploymentPostprocessing = 0;
		};
/* End PBXSourcesBuildPhase section */

/* Begin PBXFrameworksBuildPhase section */
		AA0000000000000000000051 /* Frameworks */ = {
			isa = PBXFrameworksBuildPhase;
			buildActionMask = 2147483647;
			files = (
			);
			runOnlyForDeploymentPostprocessing = 0;
		};
		AA0000000000000000000054 /* Frameworks */ = {
			isa = PBXFrameworksBuildPhase;
			buildActionMask = 2147483647;
			files = (
			);
			runOnlyForDeploymentPostprocessing = 0;
		};
/* End PBXFrameworksBuildPhase section */

/* Begin PBXResourcesBuildPhase section */
		AA0000000000000000000052 /* Resources */ = {
			isa = PBXResourcesBuildPhase;
			buildActionMask = 2147483647;
			files = (
			);
			runOnlyForDeploymentPostprocessing = 0;
		};
/* End PBXResourcesBuildPhase section */

/* Begin PBXTargetDependency section */
		AA0000000000000000000060 /* PBXTargetDependency */ = {
			isa = PBXTargetDependency;
			target = AA0000000000000000000030 /* RMPGFlexTester */;
			targetProxy = AA0000000000000000000061 /* PBXContainerItemProxy */;
		};
/* End PBXTargetDependency section */

/* Begin PBXContainerItemProxy section */
		AA0000000000000000000061 /* PBXContainerItemProxy */ = {
			isa = PBXContainerItemProxy;
			containerPortal = AA0000000000000000000070 /* Project object */;
			proxyType = 1;
			remoteGlobalIDString = AA0000000000000000000030;
			remoteInfo = RMPGFlexTester;
		};
/* End PBXContainerItemProxy section */

/* Begin XCBuildConfiguration section */
		AA0000000000000000000080 /* Debug */ = {
			isa = XCBuildConfiguration;
			buildSettings = {
				ALWAYS_SEARCH_USER_PATHS = NO;
				CLANG_ENABLE_MODULES = YES;
				CLANG_ENABLE_OBJC_ARC = YES;
				DEBUG_INFORMATION_FORMAT = dwarf;
				ENABLE_TESTABILITY = YES;
				GCC_OPTIMIZATION_LEVEL = 0;
				GCC_PREPROCESSOR_DEFINITIONS = (
					"DEBUG=1",
					"$(inherited)",
				);
				IPHONEOS_DEPLOYMENT_TARGET = 17.0;
				ONLY_ACTIVE_ARCH = YES;
				SDKROOT = iphoneos;
				SWIFT_ACTIVE_COMPILATION_CONDITIONS = "DEBUG $(inherited)";
				SWIFT_OPTIMIZATION_LEVEL = "-Onone";
				SWIFT_VERSION = 5.0;
			};
			name = Debug;
		};
		AA0000000000000000000081 /* Release */ = {
			isa = XCBuildConfiguration;
			buildSettings = {
				ALWAYS_SEARCH_USER_PATHS = NO;
				CLANG_ENABLE_MODULES = YES;
				CLANG_ENABLE_OBJC_ARC = YES;
				DEBUG_INFORMATION_FORMAT = "dwarf-with-dsym";
				IPHONEOS_DEPLOYMENT_TARGET = 17.0;
				SDKROOT = iphoneos;
				SWIFT_COMPILATION_MODE = wholemodule;
				SWIFT_VERSION = 5.0;
				VALIDATE_PRODUCT = YES;
			};
			name = Release;
		};
		AA0000000000000000000082 /* Debug */ = {
			isa = XCBuildConfiguration;
			buildSettings = {
				ASSETCATALOG_COMPILER_GENERATE_SWIFT_ASSET_SYMBOL_EXTENSIONS = YES;
				CODE_SIGN_STYLE = Automatic;
				CURRENT_PROJECT_VERSION = 1;
				GENERATE_INFOPLIST_FILE = YES;
				INFOPLIST_KEY_NSCameraUsageDescription = "Scan driver license barcodes to relay identity data to your MDT desktop session.";
				INFOPLIST_KEY_UIApplicationSceneManifest_Generation = YES;
				INFOPLIST_KEY_UIApplicationSupportsIndirectInputEvents = YES;
				INFOPLIST_KEY_UILaunchScreen_Generation = YES;
				INFOPLIST_KEY_UISupportedInterfaceOrientations_iPhone = "UIInterfaceOrientationPortrait UIInterfaceOrientationLandscapeLeft UIInterfaceOrientationLandscapeRight";
				LD_RUNPATH_SEARCH_PATHS = (
					"$(inherited)",
					"@executable_path/Frameworks",
				);
				MARKETING_VERSION = 1.0;
				PRODUCT_BUNDLE_IDENTIFIER = us.rmpgutah.flextester;
				PRODUCT_NAME = "$(TARGET_NAME)";
				SWIFT_EMIT_LOC_STRINGS = YES;
				TARGETED_DEVICE_FAMILY = 1;
			};
			name = Debug;
		};
		AA0000000000000000000083 /* Release */ = {
			isa = XCBuildConfiguration;
			buildSettings = {
				ASSETCATALOG_COMPILER_GENERATE_SWIFT_ASSET_SYMBOL_EXTENSIONS = YES;
				CODE_SIGN_STYLE = Automatic;
				CURRENT_PROJECT_VERSION = 1;
				GENERATE_INFOPLIST_FILE = YES;
				INFOPLIST_KEY_NSCameraUsageDescription = "Scan driver license barcodes to relay identity data to your MDT desktop session.";
				INFOPLIST_KEY_UIApplicationSceneManifest_Generation = YES;
				INFOPLIST_KEY_UIApplicationSupportsIndirectInputEvents = YES;
				INFOPLIST_KEY_UILaunchScreen_Generation = YES;
				INFOPLIST_KEY_UISupportedInterfaceOrientations_iPhone = "UIInterfaceOrientationPortrait UIInterfaceOrientationLandscapeLeft UIInterfaceOrientationLandscapeRight";
				LD_RUNPATH_SEARCH_PATHS = (
					"$(inherited)",
					"@executable_path/Frameworks",
				);
				MARKETING_VERSION = 1.0;
				PRODUCT_BUNDLE_IDENTIFIER = us.rmpgutah.flextester;
				PRODUCT_NAME = "$(TARGET_NAME)";
				SWIFT_EMIT_LOC_STRINGS = YES;
				TARGETED_DEVICE_FAMILY = 1;
			};
			name = Release;
		};
		AA0000000000000000000084 /* Debug */ = {
			isa = XCBuildConfiguration;
			buildSettings = {
				BUNDLE_LOADER = "$(TEST_HOST)";
				CODE_SIGN_STYLE = Automatic;
				CURRENT_PROJECT_VERSION = 1;
				GENERATE_INFOPLIST_FILE = YES;
				MARKETING_VERSION = 1.0;
				PRODUCT_BUNDLE_IDENTIFIER = us.rmpgutah.flextesterTests;
				PRODUCT_NAME = "$(TARGET_NAME)";
				SWIFT_EMIT_LOC_STRINGS = NO;
				TARGETED_DEVICE_FAMILY = 1;
				TEST_HOST = "$(BUILT_PRODUCTS_DIR)/RMPGFlexTester.app/$(BUNDLE_EXECUTABLE_FOLDER_PATH)/RMPGFlexTester";
			};
			name = Debug;
		};
		AA0000000000000000000085 /* Release */ = {
			isa = XCBuildConfiguration;
			buildSettings = {
				BUNDLE_LOADER = "$(TEST_HOST)";
				CODE_SIGN_STYLE = Automatic;
				CURRENT_PROJECT_VERSION = 1;
				GENERATE_INFOPLIST_FILE = YES;
				MARKETING_VERSION = 1.0;
				PRODUCT_BUNDLE_IDENTIFIER = us.rmpgutah.flextesterTests;
				PRODUCT_NAME = "$(TARGET_NAME)";
				SWIFT_EMIT_LOC_STRINGS = NO;
				TARGETED_DEVICE_FAMILY = 1;
				TEST_HOST = "$(BUILT_PRODUCTS_DIR)/RMPGFlexTester.app/$(BUNDLE_EXECUTABLE_FOLDER_PATH)/RMPGFlexTester";
			};
			name = Release;
		};
/* End XCBuildConfiguration section */

/* Begin XCConfigurationList section */
		AA0000000000000000000042 /* Build configuration list for PBXProject "RMPGFlexTester" */ = {
			isa = XCConfigurationList;
			buildConfigurations = (
				AA0000000000000000000080 /* Debug */,
				AA0000000000000000000081 /* Release */,
			);
			defaultConfigurationIsVisible = 0;
			defaultConfigurationName = Release;
		};
		AA0000000000000000000040 /* Build configuration list for PBXNativeTarget "RMPGFlexTester" */ = {
			isa = XCConfigurationList;
			buildConfigurations = (
				AA0000000000000000000082 /* Debug */,
				AA0000000000000000000083 /* Release */,
			);
			defaultConfigurationIsVisible = 0;
			defaultConfigurationName = Release;
		};
		AA0000000000000000000041 /* Build configuration list for PBXNativeTarget "RMPGFlexTesterTests" */ = {
			isa = XCConfigurationList;
			buildConfigurations = (
				AA0000000000000000000084 /* Debug */,
				AA0000000000000000000085 /* Release */,
			);
			defaultConfigurationIsVisible = 0;
			defaultConfigurationName = Release;
		};
/* End XCConfigurationList section */
	};
	rootObject = AA0000000000000000000070 /* Project object */;
}
